// !$*UTF8*$!
{
	archiveVersion = 1;
	classes = {
	};
	objectVersion = 77;
	objects = {

/* Begin PBXContainerItemProxy section */
		6B390FC02CAF07D00040C6F8 /* PBXContainerItemProxy */ = {
			isa = PBXContainerItemProxy;
			containerPortal = 6B390FA72CAF07CF0040C6F8 /* Project object */;
			proxyType = 1;
			remoteGlobalIDString = 6B390FAE2CAF07CF0040C6F8;
			remoteInfo = stocks;
		};
		6B390FCA2CAF07D00040C6F8 /* PBXContainerItemProxy */ = {
			isa = PBXContainerItemProxy;
			containerPortal = 6B390FA72CAF07CF0040C6F8 /* Project object */;
			proxyType = 1;
			remoteGlobalIDString = 6B390FAE2CAF07CF0040C6F8;
			remoteInfo = stocks;
		};
/* End PBXContainerItemProxy section */

/* Begin PBXFileReference section */
		6B390FAF2CAF07CF0040C6F8 /* stocks.app */ = {isa = PBXFileReference; explicitFileType = wrapper.application; includeInIndex = 0; path = stocks.app; sourceTree = BUILT_PRODUCTS_DIR; };
		6B390FBF2CAF07D00040C6F8 /* stocksTests.xctest */ = {isa = PBXFileReference; explicitFileType = wrapper.cfbundle; includeInIndex = 0; path = stocksTests.xctest; sourceTree = BUILT_PRODUCTS_DIR; };
		6B390FC92CAF07D00040C6F8 /* stocksUITests.xctest */ = {isa = PBXFileReference; explicitFileType = wrapper.cfbundle; includeInIndex = 0; path = stocksUITests.xctest; sourceTree = BUILT_PRODUCTS_DIR; };
/* End PBXFileReference section */

/* Begin PBXFileSystemSynchronizedRootGroup section */
		6B390FB12CAF07CF0040C6F8 /* stocks */ = {
			isa = PBXFileSystemSynchronizedRootGroup;
			path = stocks;
			sourceTree = "<group>";
		};
		6B390FC22CAF07D00040C6F8 /* stocksTests */ = {
			isa = PBXFileSystemSynchronizedRootGroup;
			path = stocksTests;
			sourceTree = "<group>";
		};
		6B390FCC2CAF07D00040C6F8 /* stocksUITests */ = {
			isa = PBXFileSystemSynchronizedRootGroup;
			path = stocksUITests;
			sourceTree = "<group>";
		};
		6B390FE42CAF09660040C6F8 /* Views */ = {
			isa = PBXFileSystemSynchronizedRootGroup;
			path = Views;
			sourceTree = "<group>";
		};
/* End PBXFileSystemSynchronizedRootGroup section */

/* Begin PBXFrameworksBuildPhase section */
		6B390FAC2CAF07CF0040C6F8 /* Frameworks */ = {
			isa = PBXFrameworksBuildPhase;
			buildActionMask = 2147483647;
			files = (
			);
			runOnlyForDeploymentPostprocessing = 0;
		};
		6B390FBC2CAF07D00040C6F8 /* Frameworks */ = {
			isa = PBXFrameworksBuildPhase;
			buildActionMask = 2147483647;
			files = (
			);
			runOnlyForDeploymentPostprocessing = 0;
		};
		6B390FC62CAF07D00040C6F8 /* Frameworks */ = {
			isa = PBXFrameworksBuildPhase;
			buildActionMask = 2147483647;
			files = (
			);
			runOnlyForDeploymentPostprocessing = 0;
		};
/* End PBXFrameworksBuildPhase section */

/* Begin PBXGroup section */
		6B390FA62CAF07CF0040C6F8 = {
			isa = PBXGroup;
			children = (
				6B390FE42CAF09660040C6F8 /* Views */,
				6B390FB12CAF07CF0040C6F8 /* stocks */,
				6B390FC22CAF07D00040C6F8 /* stocksTests */,
				6B390FCC2CAF07D00040C6F8 /* stocksUITests */,
				6B390FB02CAF07CF0040C6F8 /* Products */,
			);
			sourceTree = "<group>";
		};
		6B390FB02CAF07CF0040C6F8 /* Products */ = {
			isa = PBXGroup;
			children = (
				6B390FAF2CAF07CF0040C6F8 /* stocks.app */,
				6B390FBF2CAF07D00040C6F8 /* stocksTests.xctest */,
				6B390FC92CAF07D00040C6F8 /* stocksUITests.xctest */,
			);
			name = Products;
			sourceTree = "<group>";
		};
/* End PBXGroup section */

/* Begin PBXNativeTarget section */
		6B390FAE2CAF07CF0040C6F8 /* stocks */ = {
			isa = PBXNativeTarget;
			buildConfigurationList = 6B390FD32CAF07D00040C6F8 /* Build configuration list for PBXNativeTarget "stocks" */;
			buildPhases = (
				6B390FAB2CAF07CF0040C6F8 /* Sources */,
				6B390FAC2CAF07CF0040C6F8 /* Frameworks */,
				6B390FAD2CAF07CF0040C6F8 /* Resources */,
			);
			buildRules = (
			);
			dependencies = (
			);
			fileSystemSynchronizedGroups = (
				6B390FB12CAF07CF0040C6F8 /* stocks */,
				6B390FE42CAF09660040C6F8 /* Views */,
			);
			name = stocks;
			packageProductDependencies = (
			);
			productName = stocks;
			productReference = 6B390FAF2CAF07CF0040C6F8 /* stocks.app */;
			productType = "com.apple.product-type.application";
		};
		6B390FBE2CAF07D00040C6F8 /* stocksTests */ = {
			isa = PBXNativeTarget;
			buildConfigurationList = 6B390FD62CAF07D00040C6F8 /* Build configuration list for PBXNativeTarget "stocksTests" */;
			buildPhases = (
				6B390FBB2CAF07D00040C6F8 /* Sources */,
				6B390FBC2CAF07D00040C6F8 /* Frameworks */,
				6B390FBD2CAF07D00040C6F8 /* Resources */,
			);
			buildRules = (
			);
			dependencies = (
				6B390FC12CAF07D00040C6F8 /* PBXTargetDependency */,
			);
			fileSystemSynchronizedGroups = (
				6B390FC22CAF07D00040C6F8 /* stocksTests */,
			);
			name = stocksTests;
			packageProductDependencies = (
			);
			productName = stocksTests;
			productReference = 6B390FBF2CAF07D00040C6F8 /* stocksTests.xctest */;
			productType = "com.apple.product-type.bundle.unit-test";
		};
		6B390FC82CAF07D00040C6F8 /* stocksUITests */ = {
			isa = PBXNativeTarget;
			buildConfigurationList = 6B390FD92CAF07D00040C6F8 /* Build configuration list for PBXNativeTarget "stocksUITests" */;
			buildPhases = (
				6B390FC52CAF07D00040C6F8 /* Sources */,
				6B390FC62CAF07D00040C6F8 /* Frameworks */,
				6B390FC72CAF07D00040C6F8 /* Resources */,
			);
			buildRules = (
			);
			dependencies = (
				6B390FCB2CAF07D00040C6F8 /* PBXTargetDependency */,
			);
			fileSystemSynchronizedGroups = (
				6B390FCC2CAF07D00040C6F8 /* stocksUITests */,
			);
			name = stocksUITests;
			packageProductDependencies = (
			);
			productName = stocksUITests;
			productReference = 6B390FC92CAF07D00040C6F8 /* stocksUITests.xctest */;
			productType = "com.apple.product-type.bundle.ui-testing";
		};
/* End PBXNativeTarget section */

/* Begin PBXProject section */
		6B390FA72CAF07CF0040C6F8 /* Project object */ = {
			isa = PBXProject;
			attributes = {
				BuildIndependentTargetsInParallel = 1;
				LastSwiftUpdateCheck = 1600;
				LastUpgradeCheck = 1600;
				TargetAttributes = {
					6B390FAE2CAF07CF0040C6F8 = {
						CreatedOnToolsVersion = 16.0;
					};
					6B390FBE2CAF07D00040C6F8 = {
						CreatedOnToolsVersion = 16.0;
						TestTargetID = 6B390FAE2CAF07CF0040C6F8;
					};
					6B390FC82CAF07D00040C6F8 = {
						CreatedOnToolsVersion = 16.0;
						TestTargetID = 6B390FAE2CAF07CF0040C6F8;
					};
				};
			};
			buildConfigurationList = 6B390FAA2CAF07CF0040C6F8 /* Build configuration list for PBXProject "stocks" */;
			developmentRegion = en;
			hasScannedForEncodings = 0;
			knownRegions = (
				en,
				Base,
			);
			mainGroup = 6B390FA62CAF07CF0040C6F8;
			minimizedProjectReferenceProxies = 1;
			preferredProjectObjectVersion = 77;
			productRefGroup = 6B390FB02CAF07CF0040C6F8 /* Products */;
			projectDirPath = "";
			projectRoot = "";
			targets = (
				6B390FAE2CAF07CF0040C6F8 /* stocks */,
				6B390FBE2CAF07D00040C6F8 /* stocksTests */,
				6B390FC82CAF07D00040C6F8 /* stocksUITests */,
			);
		};
/* End PBXProject section */

/* Begin PBXResourcesBuildPhase section */
		6B390FAD2CAF07CF0040C6F8 /* Resources */ = {
			isa = PBXResourcesBuildPhase;
			buildActionMask = 2147483647;
			files = (
			);
			runOnlyForDeploymentPostprocessing = 0;
		};
		6B390FBD2CAF07D00040C6F8 /* Resources */ = {
			isa = PBXResourcesBuildPhase;
			buildActionMask = 2147483647;
			files = (
			);
			runOnlyForDeploymentPostprocessing = 0;
		};
		6B390FC72CAF07D00040C6F8 /* Resources */ = {
			isa = PBXResourcesBuildPhase;
			buildActionMask = 2147483647;
			files = (
			);
			runOnlyForDeploymentPostprocessing = 0;
		};
/* End PBXResourcesBuildPhase section */

/* Begin PBXSourcesBuildPhase section */
		6B390FAB2CAF07CF0040C6F8 /* Sources */ = {
			isa = PBXSourcesBuildPhase;
			buildActionMask = 2147483647;
			files = (
			);
			runOnlyForDeploymentPostprocessing = 0;
		};
		6B390FBB2CAF07D00040C6F8 /* Sources */ = {
			isa = PBXSourcesBuildPhase;
			buildActionMask = 2147483647;
			files = (
			);
			runOnlyForDeploymentPostprocessing = 0;
		};
		6B390FC52CAF07D00040C6F8 /* Sources */ = {
			isa = PBXSourcesBuildPhase;
			buildActionMask = 2147483647;
			files = (
			);
			runOnlyForDeploymentPostprocessing = 0;
		};
/* End PBXSourcesBuildPhase section */

/* Begin PBXTargetDependency section */
		6B390FC12CAF07D00040C6F8 /* PBXTargetDependency */ = {
			isa = PBXTargetDependency;
			target = 6B390FAE2CAF07CF0040C6F8 /* stocks */;
			targetProxy = 6B390FC02CAF07D00040C6F8 /* PBXContainerItemProxy */;
		};
		6B390FCB2CAF07D00040C6F8 /* PBXTargetDependency */ = {
			isa = PBXTargetDependency;
			target = 6B390FAE2CAF07CF0040C6F8 /* stocks */;
			targetProxy = 6B390FCA2CAF07D00040C6F8 /* PBXContainerItemProxy */;
		};
/* End PBXTargetDependency section */

/* Begin XCBuildConfiguration section */
		6B390FD12CAF07D00040C6F8 /* Debug */ = {
			isa = XCBuildConfiguration;
			buildSettings = {
				ALWAYS_SEARCH_USER_PATHS = NO;
				ASSETCATALOG_COMPILER_GENERATE_SWIFT_ASSET_SYMBOL_EXTENSIONS = YES;
				CLANG_ANALYZER_NONNULL = YES;
				CLANG_ANALYZER_NUMBER_OBJECT_CONVERSION = YES_AGGRESSIVE;
				CLANG_CXX_LANGUAGE_STANDARD = "gnu++20";
				CLANG_ENABLE_MODULES = YES;
				CLANG_ENABLE_OBJC_ARC = YES;
				CLANG_ENABLE_OBJC_WEAK = YES;
				CLANG_WARN_BLOCK_CAPTURE_AUTORELEASING = YES;
				CLANG_WARN_BOOL_CONVERSION = YES;
				CLANG_WARN_COMMA = YES;
				CLANG_WARN_CONSTANT_CONVERSION = YES;
				CLANG_WARN_DEPRECATED_OBJC_IMPLEMENTATIONS = YES;
				CLANG_WARN_DIRECT_OBJC_ISA_USAGE = YES_ERROR;
				CLANG_WARN_DOCUMENTATION_COMMENTS = YES;
				CLANG_WARN_EMPTY_BODY = YES;
				CLANG_WARN_ENUM_CONVERSION = YES;
				CLANG_WARN_INFINITE_RECURSION = YES;
				CLANG_WARN_INT_CONVERSION = YES;
				CLANG_WARN_NON_LITERAL_NULL_CONVERSION = YES;
				CLANG_WARN_OBJC_IMPLICIT_RETAIN_SELF = YES;
				CLANG_WARN_OBJC_LITERAL_CONVERSION = YES;
				CLANG_WARN_OBJC_ROOT_CLASS = YES_ERROR;
				CLANG_WARN_QUOTED_INCLUDE_IN_FRAMEWORK_HEADER = YES;
				CLANG_WARN_RANGE_LOOP_ANALYSIS = YES;
				CLANG_WARN_STRICT_PROTOTYPES = YES;
				CLANG_WARN_SUSPICIOUS_MOVE = YES;
				CLANG_WARN_UNGUARDED_AVAILABILITY = YES_AGGRESSIVE;
				CLANG_WARN_UNREACHABLE_CODE = YES;
				CLANG_WARN__DUPLICATE_METHOD_MATCH = YES;
				COPY_PHASE_STRIP = NO;
				DEBUG_INFORMATION_FORMAT = dwarf;
				ENABLE_STRICT_OBJC_MSGSEND = YES;
				ENABLE_TESTABILITY = YES;
				ENABLE_USER_SCRIPT_SANDBOXING = YES;
				GCC_C_LANGUAGE_STANDARD = gnu17;
				GCC_DYNAMIC_NO_PIC = NO;
				GCC_NO_COMMON_BLOCKS = YES;
				GCC_OPTIMIZATION_LEVEL = 0;
				GCC_PREPROCESSOR_DEFINITIONS = (
					"DEBUG=1",
					"$(inherited)",
				);
				GCC_WARN_64_TO_32_BIT_CONVERSION = YES;
				GCC_WARN_ABOUT_RETURN_TYPE = YES_ERROR;
				GCC_WARN_UNDECLARED_SELECTOR = YES;
				GCC_WARN_UNINITIALIZED_AUTOS = YES_AGGRESSIVE;
				GCC_WARN_UNUSED_FUNCTION = YES;
				GCC_WARN_UNUSED_VARIABLE = YES;
				IPHONEOS_DEPLOYMENT_TARGET = 18.0;
				LOCALIZATION_PREFERS_STRING_CATALOGS = YES;
				MTL_ENABLE_DEBUG_INFO = INCLUDE_SOURCE;
				MTL_FAST_MATH = YES;
				ONLY_ACTIVE_ARCH = YES;
				SDKROOT = iphoneos;
				SWIFT_ACTIVE_COMPILATION_CONDITIONS = "DEBUG $(inherited)";
				SWIFT_OPTIMIZATION_LEVEL = "-Onone";
			};
			name = Debug;
		};
		6B390FD22CAF07D00040C6F8 /* Release */ = {
			isa = XCBuildConfiguration;
			buildSettings = {
				ALWAYS_SEARCH_USER_PATHS = NO;
				ASSETCATALOG_COMPILER_GENERATE_SWIFT_ASSET_SYMBOL_EXTENSIONS = YES;
				CLANG_ANALYZER_NONNULL = YES;
				CLANG_ANALYZER_NUMBER_OBJECT_CONVERSION = YES_AGGRESSIVE;
				CLANG_CXX_LANGUAGE_STANDARD = "gnu++20";
				CLANG_ENABLE_MODULES = YES;
				CLANG_ENABLE_OBJC_ARC = YES;
				CLANG_ENABLE_OBJC_WEAK = YES;
				CLANG_WARN_BLOCK_CAPTURE_AUTORELEASING = YES;
				CLANG_WARN_BOOL_CONVERSION = YES;
				CLANG_WARN_COMMA = YES;
				CLANG_WARN_CONSTANT_CONVERSION = YES;
				CLANG_WARN_DEPRECATED_OBJC_IMPLEMENTATIONS = YES;
				CLANG_WARN_DIRECT_OBJC_ISA_USAGE = YES_ERROR;
				CLANG_WARN_DOCUMENTATION_COMMENTS = YES;
				CLANG_WARN_EMPTY_BODY = YES;
				CLANG_WARN_ENUM_CONVERSION = YES;
				CLANG_WARN_INFINITE_RECURSION = YES;
				CLANG_WARN_INT_CONVERSION = YES;
				CLANG_WARN_NON_LITERAL_NULL_CONVERSION = YES;
				CLANG_WARN_OBJC_IMPLICIT_RETAIN_SELF = YES;
				CLANG_WARN_OBJC_LITERAL_CONVERSION = YES;
				CLANG_WARN_OBJC_ROOT_CLASS = YES_ERROR;
				CLANG_WARN_QUOTED_INCLUDE_IN_FRAMEWORK_HEADER = YES;
				CLANG_WARN_RANGE_LOOP_ANALYSIS = YES;
				CLANG_WARN_STRICT_PROTOTYPES = YES;
				CLANG_WARN_SUSPICIOUS_MOVE = YES;
				CLANG_WARN_UNGUARDED_AVAILABILITY = YES_AGGRESSIVE;
				CLANG_WARN_UNREACHABLE_CODE = YES;
				CLANG_WARN__DUPLICATE_METHOD_MATCH = YES;
				COPY_PHASE_STRIP = NO;
				DEBUG_INFORMATION_FORMAT = "dwarf-with-dsym";
				ENABLE_NS_ASSERTIONS = NO;
				ENABLE_STRICT_OBJC_MSGSEND = YES;
				ENABLE_USER_SCRIPT_SANDBOXING = YES;
				GCC_C_LANGUAGE_STANDARD = gnu17;
				GCC_NO_COMMON_BLOCKS = YES;
				GCC_WARN_64_TO_32_BIT_CONVERSION = YES;
				GCC_WARN_ABOUT_RETURN_TYPE = YES_ERROR;
				GCC_WARN_UNDECLARED_SELECTOR = YES;
				GCC_WARN_UNINITIALIZED_AUTOS = YES_AGGRESSIVE;
				GCC_WARN_UNUSED_FUNCTION = YES;
				GCC_WARN_UNUSED_VARIABLE = YES;
				IPHONEOS_DEPLOYMENT_TARGET = 18.0;
				LOCALIZATION_PREFERS_STRING_CATALOGS = YES;
				MTL_ENABLE_DEBUG_INFO = NO;
				MTL_FAST_MATH = YES;
				SDKROOT = iphoneos;
				SWIFT_COMPILATION_MODE = wholemodule;
				VALIDATE_PRODUCT = YES;
			};
			name = Release;
		};
		6B390FD42CAF07D00040C6F8 /* Debug */ = {
			isa = XCBuildConfiguration;
			buildSettings = {
				ASSETCATALOG_COMPILER_APPICON_NAME = AppIcon;
				ASSETCATALOG_COMPILER_GLOBAL_ACCENT_COLOR_NAME = AccentColor;
				CODE_SIGN_STYLE = Automatic;
				CURRENT_PROJECT_VERSION = 1;
				DEVELOPMENT_ASSET_PATHS = "\"stocks/Preview Content\"";
				ENABLE_PREVIEWS = YES;
				GENERATE_INFOPLIST_FILE = YES;
				INFOPLIST_KEY_UIApplicationSceneManifest_Generation = YES;
				INFOPLIST_KEY_UIApplicationSupportsIndirectInputEvents = YES;
				INFOPLIST_KEY_UILaunchScreen_Generation = YES;
				INFOPLIST_KEY_UISupportedInterfaceOrientations_iPad = "UIInterfaceOrientationPortrait UIInterfaceOrientationPortraitUpsideDown UIInterfaceOrientationLandscapeLeft UIInterfaceOrientationLandscapeRight";
				INFOPLIST_KEY_UISupportedInterfaceOrientations_iPhone = "UIInterfaceOrientationPortrait UIInterfaceOrientationLandscapeLeft UIInterfaceOrientationLandscapeRight";
				LD_RUNPATH_SEARCH_PATHS = (
					"$(inherited)",
					"@executable_path/Frameworks",
				);
				MARKETING_VERSION = 1.0;
				PRODUCT_BUNDLE_IDENTIFIER = in.shashwatt.stocks;
				PRODUCT_NAME = "$(TARGET_NAME)";
				SWIFT_EMIT_LOC_STRINGS = YES;
				SWIFT_VERSION = 5.0;
				TARGETED_DEVICE_FAMILY = "1,2";
			};
			name = Debug;
		};
		6B390FD52CAF07D00040C6F8 /* Release */ = {
			isa = XCBuildConfiguration;
			buildSettings = {
				ASSETCATALOG_COMPILER_APPICON_NAME = AppIcon;
				ASSETCATALOG_COMPILER_GLOBAL_ACCENT_COLOR_NAME = AccentColor;
				CODE_SIGN_STYLE = Automatic;
				CURRENT_PROJECT_VERSION = 1;
				DEVELOPMENT_ASSET_PATHS = "\"stocks/Preview Content\"";
				ENABLE_PREVIEWS = YES;
				GENERATE_INFOPLIST_FILE = YES;
				INFOPLIST_KEY_UIApplicationSceneManifest_Generation = YES;
				INFOPLIST_KEY_UIApplicationSupportsIndirectInputEvents = YES;
				INFOPLIST_KEY_UILaunchScreen_Generation = YES;
				INFOPLIST_KEY_UISupportedInterfaceOrientations_iPad = "UIInterfaceOrientationPortrait UIInterfaceOrientationPortraitUpsideDown UIInterfaceOrientationLandscapeLeft UIInterfaceOrientationLandscapeRight";
				INFOPLIST_KEY_UISupportedInterfaceOrientations_iPhone = "UIInterfaceOrientationPortrait UIInterfaceOrientationLandscapeLeft UIInterfaceOrientationLandscapeRight";
				LD_RUNPATH_SEARCH_PATHS = (
					"$(inherited)",
					"@executable_path/Frameworks",
				);
				MARKETING_VERSION = 1.0;
				PRODUCT_BUNDLE_IDENTIFIER = in.shashwatt.stocks;
				PRODUCT_NAME = "$(TARGET_NAME)";
				SWIFT_EMIT_LOC_STRINGS = YES;
				SWIFT_VERSION = 5.0;
				TARGETED_DEVICE_FAMILY = "1,2";
			};
			name = Release;
		};
		6B390FD72CAF07D00040C6F8 /* Debug */ = {
			isa = XCBuildConfiguration;
			buildSettings = {
				BUNDLE_LOADER = "$(TEST_HOST)";
				CODE_SIGN_STYLE = Automatic;
				CURRENT_PROJECT_VERSION = 1;
				GENERATE_INFOPLIST_FILE = YES;
				IPHONEOS_DEPLOYMENT_TARGET = 18.0;
				MARKETING_VERSION = 1.0;
				PRODUCT_BUNDLE_IDENTIFIER = in.shashwatt.stocksTests;
				PRODUCT_NAME = "$(TARGET_NAME)";
				SWIFT_EMIT_LOC_STRINGS = NO;
				SWIFT_VERSION = 5.0;
				TARGETED_DEVICE_FAMILY = "1,2";
				TEST_HOST = "$(BUILT_PRODUCTS_DIR)/stocks.app/$(BUNDLE_EXECUTABLE_FOLDER_PATH)/stocks";
			};
			name = Debug;
		};
		6B390FD82CAF07D00040C6F8 /* Release */ = {
			isa = XCBuildConfiguration;
			buildSettings = {
				BUNDLE_LOADER = "$(TEST_HOST)";
				CODE_SIGN_STYLE = Automatic;
				CURRENT_PROJECT_VERSION = 1;
				GENERATE_INFOPLIST_FILE = YES;
				IPHONEOS_DEPLOYMENT_TARGET = 18.0;
				MARKETING_VERSION = 1.0;
				PRODUCT_BUNDLE_IDENTIFIER = in.shashwatt.stocksTests;
				PRODUCT_NAME = "$(TARGET_NAME)";
				SWIFT_EMIT_LOC_STRINGS = NO;
				SWIFT_VERSION = 5.0;
				TARGETED_DEVICE_FAMILY = "1,2";
				TEST_HOST = "$(BUILT_PRODUCTS_DIR)/stocks.app/$(BUNDLE_EXECUTABLE_FOLDER_PATH)/stocks";
			};
			name = Release;
		};
		6B390FDA2CAF07D00040C6F8 /* Debug */ = {
			isa = XCBuildConfiguration;
			buildSettings = {
				CODE_SIGN_STYLE = Automatic;
				CURRENT_PROJECT_VERSION = 1;
				GENERATE_INFOPLIST_FILE = YES;
				MARKETING_VERSION = 1.0;
				PRODUCT_BUNDLE_IDENTIFIER = in.shashwatt.stocksUITests;
				PRODUCT_NAME = "$(TARGET_NAME)";
				SWIFT_EMIT_LOC_STRINGS = NO;
				SWIFT_VERSION = 5.0;
				TARGETED_DEVICE_FAMILY = "1,2";
				TEST_TARGET_NAME = stocks;
			};
			name = Debug;
		};
		6B390FDB2CAF07D00040C6F8 /* Release */ = {
			isa = XCBuildConfiguration;
			buildSettings = {
				CODE_SIGN_STYLE = Automatic;
				CURRENT_PROJECT_VERSION = 1;
				GENERATE_INFOPLIST_FILE = YES;
				MARKETING_VERSION = 1.0;
				PRODUCT_BUNDLE_IDENTIFIER = in.shashwatt.stocksUITests;
				PRODUCT_NAME = "$(TARGET_NAME)";
				SWIFT_EMIT_LOC_STRINGS = NO;
				SWIFT_VERSION = 5.0;
				TARGETED_DEVICE_FAMILY = "1,2";
				TEST_TARGET_NAME = stocks;
			};
			name = Release;
		};
/* End XCBuildConfiguration section */

/* Begin XCConfigurationList section */
		6B390FAA2CAF07CF0040C6F8 /* Build configuration list for PBXProject "stocks" */ = {
			isa = XCConfigurationList;
			buildConfigurations = (
				6B390FD12CAF07D00040C6F8 /* Debug */,
				6B390FD22CAF07D00040C6F8 /* Release */,
			);
			defaultConfigurationIsVisible = 0;
			defaultConfigurationName = Release;
		};
		6B390FD32CAF07D00040C6F8 /* Build configuration list for PBXNativeTarget "stocks" */ = {
			isa = XCConfigurationList;
			buildConfigurations = (
				6B390FD42CAF07D00040C6F8 /* Debug */,
				6B390FD52CAF07D00040C6F8 /* Release */,
			);
			defaultConfigurationIsVisible = 0;
			defaultConfigurationName = Release;
		};
		6B390FD62CAF07D00040C6F8 /* Build configuration list for PBXNativeTarget "stocksTests" */ = {
			isa = XCConfigurationList;
			buildConfigurations = (
				6B390FD72CAF07D00040C6F8 /* Debug */,
				6B390FD82CAF07D00040C6F8 /* Release */,
			);
			defaultConfigurationIsVisible = 0;
			defaultConfigurationName = Release;
		};
		6B390FD92CAF07D00040C6F8 /* Build configuration list for PBXNativeTarget "stocksUITests" */ = {
			isa = XCConfigurationList;
			buildConfigurations = (
				6B390FDA2CAF07D00040C6F8 /* Debug */,
				6B390FDB2CAF07D00040C6F8 /* Release */,
			);
			defaultConfigurationIsVisible = 0;
			defaultConfigurationName = Release;
		};
/* End XCConfigurationList section */
	};
	rootObject = 6B390FA72CAF07CF0040C6F8 /* Project object */;
}
